
Microsoft Visual Studio Solution File, Format Version 12.00
# Visual Studio 15
VisualStudioVersion = 15.0.28307.852
MinimumVisualStudioVersion = 10.0.40219.1
Project("{8BC9CEB8-8B4A-11D0-8D11-00A0C91BC942}") = "test-2020-5-1", "test-2020-5-1\test-2020-5-1.vcxproj", "{35AFD237-8F99-47AD-A16C-14664DB75CB3}"
EndProject
Global
	GlobalSection(SolutionConfigurationPlatforms) = preSolution
		Debug|x64 = Debug|x64
		Debug|x86 = Debug|x86
		Release|x64 = Release|x64
		Release|x86 = Release|x86
	EndGlobalSection
	GlobalSection(ProjectConfigurationPlatforms) = postSolution
		{35AFD237-8F99-47AD-A16C-14664DB75CB3}.Debug|x64.ActiveCfg = Debug|x64
		{35AFD237-8F99-47AD-A16C-14664DB75CB3}.Debug|x64.Build.0 = Debug|x64
		{35AFD237-8F99-47AD-A16C-14664DB75CB3}.Debug|x86.ActiveCfg = Debug|Win32
		{35AFD237-8F99-47AD-A16C-14664DB75CB3}.Debug|x86.Build.0 = Debug|Win32
		{35AFD237-8F99-47AD-A16C-14664DB75CB3}.Release|x64.ActiveCfg = Release|x64
		{35AFD237-8F99-47AD-A16C-14664DB75CB3}.Release|x64.Build.0 = Release|x64
		{35AFD237-8F99-47AD-A16C-14664DB75CB3}.Release|x86.ActiveCfg = Release|Win32
		{35AFD237-8F99-47AD-A16C-14664DB75CB3}.Release|x86.Build.0 = Release|Win32
	EndGlobalSection
	GlobalSection(SolutionProperties) = preSolution
		HideSolutionNode = FALSE
	EndGlobalSection
	GlobalSection(ExtensibilityGlobals) = postSolution
		SolutionGuid = {CF0FFF2D-BDF7-489A-A833-995F17E856C1}
	EndGlobalSection
EndGlobal
