
Microsoft Visual Studio Solution File, Format Version 12.00
# Visual Studio 15
VisualStudioVersion = 15.0.28307.852
MinimumVisualStudioVersion = 10.0.40219.1
Project("{8BC9CEB8-8B4A-11D0-8D11-00A0C91BC942}") = "test810", "test810\test810.vcxproj", "{36C17C62-97C4-4B2B-8BF2-FF9E9673350C}"
EndProject
Global
	GlobalSection(SolutionConfigurationPlatforms) = preSolution
		Debug|x64 = Debug|x64
		Debug|x86 = Debug|x86
		Release|x64 = Release|x64
		Release|x86 = Release|x86
	EndGlobalSection
	GlobalSection(ProjectConfigurationPlatforms) = postSolution
		{36C17C62-97C4-4B2B-8BF2-FF9E9673350C}.Debug|x64.ActiveCfg = Debug|x64
		{36C17C62-97C4-4B2B-8BF2-FF9E9673350C}.Debug|x64.Build.0 = Debug|x64
		{36C17C62-97C4-4B2B-8BF2-FF9E9673350C}.Debug|x86.ActiveCfg = Debug|Win32
		{36C17C62-97C4-4B2B-8BF2-FF9E9673350C}.Debug|x86.Build.0 = Debug|Win32
		{36C17C62-97C4-4B2B-8BF2-FF9E9673350C}.Release|x64.ActiveCfg = Release|x64
		{36C17C62-97C4-4B2B-8BF2-FF9E9673350C}.Release|x64.Build.0 = Release|x64
		{36C17C62-97C4-4B2B-8BF2-FF9E9673350C}.Release|x86.ActiveCfg = Release|Win32
		{36C17C62-97C4-4B2B-8BF2-FF9E9673350C}.Release|x86.Build.0 = Release|Win32
	EndGlobalSection
	GlobalSection(SolutionProperties) = preSolution
		HideSolutionNode = FALSE
	EndGlobalSection
	GlobalSection(ExtensibilityGlobals) = postSolution
		SolutionGuid = {642B6F9F-53C9-4E55-B7F9-D7CE4A512F67}
	EndGlobalSection
EndGlobal
