
Microsoft Visual Studio Solution File, Format Version 12.00
# Visual Studio 15
VisualStudioVersion = 15.0.28307.852
MinimumVisualStudioVersion = 10.0.40219.1
Project("{8BC9CEB8-8B4A-11D0-8D11-00A0C91BC942}") = "test706", "test706\test706.vcxproj", "{66B3CF85-A89F-4D99-9D86-F9D41159D163}"
EndProject
Global
	GlobalSection(SolutionConfigurationPlatforms) = preSolution
		Debug|x64 = Debug|x64
		Debug|x86 = Debug|x86
		Release|x64 = Release|x64
		Release|x86 = Release|x86
	EndGlobalSection
	GlobalSection(ProjectConfigurationPlatforms) = postSolution
		{66B3CF85-A89F-4D99-9D86-F9D41159D163}.Debug|x64.ActiveCfg = Debug|x64
		{66B3CF85-A89F-4D99-9D86-F9D41159D163}.Debug|x64.Build.0 = Debug|x64
		{66B3CF85-A89F-4D99-9D86-F9D41159D163}.Debug|x86.ActiveCfg = Debug|Win32
		{66B3CF85-A89F-4D99-9D86-F9D41159D163}.Debug|x86.Build.0 = Debug|Win32
		{66B3CF85-A89F-4D99-9D86-F9D41159D163}.Release|x64.ActiveCfg = Release|x64
		{66B3CF85-A89F-4D99-9D86-F9D41159D163}.Release|x64.Build.0 = Release|x64
		{66B3CF85-A89F-4D99-9D86-F9D41159D163}.Release|x86.ActiveCfg = Release|Win32
		{66B3CF85-A89F-4D99-9D86-F9D41159D163}.Release|x86.Build.0 = Release|Win32
	EndGlobalSection
	GlobalSection(SolutionProperties) = preSolution
		HideSolutionNode = FALSE
	EndGlobalSection
	GlobalSection(ExtensibilityGlobals) = postSolution
		SolutionGuid = {7CE475A2-4F03-4F7E-9235-5037D12F7F95}
	EndGlobalSection
EndGlobal
